
Microsoft Visual Studio Solution File, Format Version 12.00
# Visual Studio Version 17
VisualStudioVersion = 17.10.35004.147
MinimumVisualStudioVersion = 10.0.40219.1
Project("{FAE04EC0-301F-11D3-BF4B-00C04F79EFBC}") = "KalkulatorValuta", "KalkulatorValuta.csproj", "{FCE2CA3E-E30D-431E-BBEE-05D1F6547F08}"
EndProject
Global
	GlobalSection(SolutionConfigurationPlatforms) = preSolution
		Debug|Any CPU = Debug|Any CPU
		Release|Any CPU = Release|Any CPU
	EndGlobalSection
	GlobalSection(ProjectConfigurationPlatforms) = postSolution
		{FCE2CA3E-E30D-431E-BBEE-05D1F6547F08}.Debug|Any CPU.ActiveCfg = Debug|Any CPU
		{FCE2CA3E-E30D-431E-BBEE-05D1F6547F08}.Debug|Any CPU.Build.0 = Debug|Any CPU
		{FCE2CA3E-E30D-431E-BBEE-05D1F6547F08}.Release|Any CPU.ActiveCfg = Release|Any CPU
		{FCE2CA3E-E30D-431E-BBEE-05D1F6547F08}.Release|Any CPU.Build.0 = Release|Any CPU
	EndGlobalSection
	GlobalSection(SolutionProperties) = preSolution
		HideSolutionNode = FALSE
	EndGlobalSection
	GlobalSection(ExtensibilityGlobals) = postSolution
		SolutionGuid = {E994989C-5EAA-4C5C-82DE-FDB46A363D6E}
	EndGlobalSection
EndGlobal
